
Microsoft Visual Studio Solution File, Format Version 12.00
# Visual Studio Version 17
VisualStudioVersion = 17.4.33213.308
MinimumVisualStudioVersion = 10.0.40219.1
Project("{FAE04EC0-301F-11D3-BF4B-00C04F79EFBC}") = "Azure.App.Test", "Azure.App.Test.csproj", "{1FCE3B23-E639-4366-801D-D06E9951FA86}"
EndProject
Global
	GlobalSection(SolutionConfigurationPlatforms) = preSolution
		Debug|Any CPU = Debug|Any CPU
		Release|Any CPU = Release|Any CPU
	EndGlobalSection
	GlobalSection(ProjectConfigurationPlatforms) = postSolution
		{1FCE3B23-E639-4366-801D-D06E9951FA86}.Debug|Any CPU.ActiveCfg = Debug|Any CPU
		{1FCE3B23-E639-4366-801D-D06E9951FA86}.Debug|Any CPU.Build.0 = Debug|Any CPU
		{1FCE3B23-E639-4366-801D-D06E9951FA86}.Release|Any CPU.ActiveCfg = Release|Any CPU
		{1FCE3B23-E639-4366-801D-D06E9951FA86}.Release|Any CPU.Build.0 = Release|Any CPU
	EndGlobalSection
	GlobalSection(SolutionProperties) = preSolution
		HideSolutionNode = FALSE
	EndGlobalSection
	GlobalSection(ExtensibilityGlobals) = postSolution
		SolutionGuid = {6A9AA2AA-4668-40DA-A572-EFA89DBFBA1D}
	EndGlobalSection
EndGlobal
